
Microsoft Visual Studio Solution File, Format Version 12.00
# Visual Studio Version 17
VisualStudioVersion = 17.14.36414.22 d17.14
MinimumVisualStudioVersion = 10.0.40219.1
Project("{FAE04EC0-301F-11D3-BF4B-00C04F79EFBC}") = "GiaoxuNguPhucBE", "GiaoxuNguPhucBE.csproj", "{B0F5A73B-C3AB-431B-B83F-D9D6BFB44468}"
EndProject
Global
	GlobalSection(SolutionConfigurationPlatforms) = preSolution
		Debug|Any CPU = Debug|Any CPU
		Release|Any CPU = Release|Any CPU
	EndGlobalSection
	GlobalSection(ProjectConfigurationPlatforms) = postSolution
		{B0F5A73B-C3AB-431B-B83F-D9D6BFB44468}.Debug|Any CPU.ActiveCfg = Debug|Any CPU
		{B0F5A73B-C3AB-431B-B83F-D9D6BFB44468}.Debug|Any CPU.Build.0 = Debug|Any CPU
		{B0F5A73B-C3AB-431B-B83F-D9D6BFB44468}.Release|Any CPU.ActiveCfg = Release|Any CPU
		{B0F5A73B-C3AB-431B-B83F-D9D6BFB44468}.Release|Any CPU.Build.0 = Release|Any CPU
	EndGlobalSection
	GlobalSection(SolutionProperties) = preSolution
		HideSolutionNode = FALSE
	EndGlobalSection
	GlobalSection(ExtensibilityGlobals) = postSolution
		SolutionGuid = {E3E8E7E7-ED65-417F-80E2-A232CAE7E8E3}
	EndGlobalSection
EndGlobal
